
Microsoft Visual Studio Solution File, Format Version 12.00
# Visual Studio Version 17
VisualStudioVersion = 17.12.35728.132
MinimumVisualStudioVersion = 10.0.40219.1
Project("{FAE04EC0-301F-11D3-BF4B-00C04F79EFBC}") = "StudentDataAccessLayer", "StudentDataAccessLayer\StudentDataAccessLayer.csproj", "{5F14CA5B-13C5-493C-9C44-0A6DAD761A91}"
EndProject
Project("{FAE04EC0-301F-11D3-BF4B-00C04F79EFBC}") = "StudentBusinessLayer", "StudentBusinessLayer\StudentBusinessLayer.csproj", "{33F98518-72A5-4893-A68D-9BB9353DB5B6}"
EndProject
Project("{FAE04EC0-301F-11D3-BF4B-00C04F79EFBC}") = "Student API Project", "Student API Project v1\Student API Project.csproj", "{F19E5AAD-B16E-4516-AAF0-8AC0C356957E}"
EndProject
Project("{2150E333-8FDC-42A3-9474-1A3956D46DE8}") = "screenshots", "screenshots", "{8AC3A4FA-5A03-4F15-B170-D03EC42838A0}"
	ProjectSection(SolutionItems) = preProject
		..\..\..\..\Pictures\Screenshots\attendance-controller.png.png = ..\..\..\..\Pictures\Screenshots\attendance-controller.png.png
		..\..\..\..\Pictures\Screenshots\auth-controller.png.png = ..\..\..\..\Pictures\Screenshots\auth-controller.png.png
		..\..\..\..\Pictures\Screenshots\classroom-controller.png.png = ..\..\..\..\Pictures\Screenshots\classroom-controller.png.png
		..\..\..\..\Pictures\Screenshots\database-diagram.png.png = ..\..\..\..\Pictures\Screenshots\database-diagram.png.png
		..\..\..\..\Pictures\Screenshots\grade-controller.png.png = ..\..\..\..\Pictures\Screenshots\grade-controller.png.png
		..\..\..\..\Pictures\Screenshots\students-controller.png.png = ..\..\..\..\Pictures\Screenshots\students-controller.png.png
		..\..\..\..\Pictures\Screenshots\subject-controller.png.png = ..\..\..\..\Pictures\Screenshots\subject-controller.png.png
		..\..\..\..\Pictures\Screenshots\teacher-controller.png.png = ..\..\..\..\Pictures\Screenshots\teacher-controller.png.png
		..\..\..\..\Pictures\Screenshots\user-management-controller.png.png = ..\..\..\..\Pictures\Screenshots\user-management-controller.png.png
	EndProjectSection
EndProject
Global
	GlobalSection(SolutionConfigurationPlatforms) = preSolution
		Debug|Any CPU = Debug|Any CPU
		Release|Any CPU = Release|Any CPU
	EndGlobalSection
	GlobalSection(ProjectConfigurationPlatforms) = postSolution
		{5F14CA5B-13C5-493C-9C44-0A6DAD761A91}.Debug|Any CPU.ActiveCfg = Debug|Any CPU
		{5F14CA5B-13C5-493C-9C44-0A6DAD761A91}.Debug|Any CPU.Build.0 = Debug|Any CPU
		{5F14CA5B-13C5-493C-9C44-0A6DAD761A91}.Release|Any CPU.ActiveCfg = Release|Any CPU
		{5F14CA5B-13C5-493C-9C44-0A6DAD761A91}.Release|Any CPU.Build.0 = Release|Any CPU
		{33F98518-72A5-4893-A68D-9BB9353DB5B6}.Debug|Any CPU.ActiveCfg = Debug|Any CPU
		{33F98518-72A5-4893-A68D-9BB9353DB5B6}.Debug|Any CPU.Build.0 = Debug|Any CPU
		{33F98518-72A5-4893-A68D-9BB9353DB5B6}.Release|Any CPU.ActiveCfg = Release|Any CPU
		{33F98518-72A5-4893-A68D-9BB9353DB5B6}.Release|Any CPU.Build.0 = Release|Any CPU
		{F19E5AAD-B16E-4516-AAF0-8AC0C356957E}.Debug|Any CPU.ActiveCfg = Debug|Any CPU
		{F19E5AAD-B16E-4516-AAF0-8AC0C356957E}.Debug|Any CPU.Build.0 = Debug|Any CPU
		{F19E5AAD-B16E-4516-AAF0-8AC0C356957E}.Release|Any CPU.ActiveCfg = Release|Any CPU
		{F19E5AAD-B16E-4516-AAF0-8AC0C356957E}.Release|Any CPU.Build.0 = Release|Any CPU
	EndGlobalSection
	GlobalSection(SolutionProperties) = preSolution
		HideSolutionNode = FALSE
	EndGlobalSection
EndGlobal
